
Microsoft Visual Studio Solution File, Format Version 12.00
# Visual Studio Version 17
VisualStudioVersion = 17.3.32825.248
MinimumVisualStudioVersion = 10.0.40219.1
Project("{FAE04EC0-301F-11D3-BF4B-00C04F79EFBC}") = "C-Sharp-Basic", "C-Sharp-Basic.csproj", "{C0997041-9947-46EB-AEDF-784E9567569C}"
EndProject
Global
	GlobalSection(SolutionConfigurationPlatforms) = preSolution
		Debug|Any CPU = Debug|Any CPU
		Release|Any CPU = Release|Any CPU
	EndGlobalSection
	GlobalSection(ProjectConfigurationPlatforms) = postSolution
		{C0997041-9947-46EB-AEDF-784E9567569C}.Debug|Any CPU.ActiveCfg = Debug|Any CPU
		{C0997041-9947-46EB-AEDF-784E9567569C}.Debug|Any CPU.Build.0 = Debug|Any CPU
		{C0997041-9947-46EB-AEDF-784E9567569C}.Release|Any CPU.ActiveCfg = Release|Any CPU
		{C0997041-9947-46EB-AEDF-784E9567569C}.Release|Any CPU.Build.0 = Release|Any CPU
	EndGlobalSection
	GlobalSection(SolutionProperties) = preSolution
		HideSolutionNode = FALSE
	EndGlobalSection
	GlobalSection(ExtensibilityGlobals) = postSolution
		SolutionGuid = {7842E50A-2B0D-4AEB-9C05-E7F4E8705655}
	EndGlobalSection
EndGlobal
